{
  "nodes": {
    "home-manager": {
      "inputs": {
        "nixpkgs": [
          "nixpkgs"
        ]
      },
      "locked": {
        "lastModified": 1717476296,
        "narHash": "sha256-ScHe38Tr+TxGURC17kby4mIIxOG3aJvZWXzPM79UnEk=",
        "owner": "nix-community",
        "repo": "home-manager",
        "rev": "095ef64aa3b2ab4a4f1bf07f29997e21e3a5576a",
        "type": "github"
      },
      "original": {
        "owner": "nix-community",
        "ref": "release-23.11",
        "repo": "home-manager",
        "type": "github"
      }
    },
    "nixpkgs": {
      "locked": {
        "lastModified": 1719506693,
        "narHash": "sha256-C8e9S7RzshSdHB7L+v9I51af1gDM5unhJ2xO1ywxNH8=",
        "owner": "nixos",
        "repo": "nixpkgs",
        "rev": "b2852eb9365c6de48ffb0dc2c9562591f652242a",
        "type": "github"
      },
      "original": {
        "owner": "nixos",
        "ref": "nixos-unstable",
        "repo": "nixpkgs",
        "type": "github"
      }
    },
    "nixpkgs-stable": {
      "locked": {
        "lastModified": 1719707984,
        "narHash": "sha256-RoxIr/fbndtuKqulGvNCcuzC6KdAib85Q8gXnjzA1dw=",
        "owner": "nixos",
        "repo": "nixpkgs",
        "rev": "7dca15289a1c2990efbe4680f0923ce14139b042",
        "type": "github"
      },
      "original": {
        "owner": "nixos",
        "ref": "nixos-24.05",
        "repo": "nixpkgs",
        "type": "github"
      }
    },
    "root": {
      "inputs": {
        "home-manager": "home-manager",
        "nixpkgs": "nixpkgs",
        "nixpkgs-stable": "nixpkgs-stable"
      }
    }
  },
  "root": "root",
  "version": 7
}
